
Microsoft Visual Studio Solution File, Format Version 12.00
# Visual Studio Version 16
VisualStudioVersion = 16.0.31727.386
MinimumVisualStudioVersion = 10.0.40219.1
Project("{9A19103F-16F7-4668-BE54-9A1E7A4F7556}") = "Webshop.UI", "Webshop.UI\Webshop.UI.csproj", "{3B4141A8-52B1-481E-854C-96E1F33E17E8}"
EndProject
Project("{9A19103F-16F7-4668-BE54-9A1E7A4F7556}") = "Webshop.DataSource", "Webshop.Data\Webshop.DataSource.csproj", "{97CA557E-D335-4606-ACE6-1D5CBA6376EF}"
EndProject
Project("{9A19103F-16F7-4668-BE54-9A1E7A4F7556}") = "Webshop.DTO", "Webshop.DTO\Webshop.DTO.csproj", "{5DE63B0F-FA00-4313-94D1-2A6CDF4449BC}"
EndProject
Project("{9A19103F-16F7-4668-BE54-9A1E7A4F7556}") = "Webshop.DAL", "Webshop.DAL\Webshop.DAL.csproj", "{B9A76D2E-CA04-48BD-8446-662A94D5A00A}"
EndProject
Global
	GlobalSection(SolutionConfigurationPlatforms) = preSolution
		Debug|Any CPU = Debug|Any CPU
		Release|Any CPU = Release|Any CPU
	EndGlobalSection
	GlobalSection(ProjectConfigurationPlatforms) = postSolution
		{3B4141A8-52B1-481E-854C-96E1F33E17E8}.Debug|Any CPU.ActiveCfg = Debug|Any CPU
		{3B4141A8-52B1-481E-854C-96E1F33E17E8}.Debug|Any CPU.Build.0 = Debug|Any CPU
		{3B4141A8-52B1-481E-854C-96E1F33E17E8}.Release|Any CPU.ActiveCfg = Release|Any CPU
		{3B4141A8-52B1-481E-854C-96E1F33E17E8}.Release|Any CPU.Build.0 = Release|Any CPU
		{97CA557E-D335-4606-ACE6-1D5CBA6376EF}.Debug|Any CPU.ActiveCfg = Debug|Any CPU
		{97CA557E-D335-4606-ACE6-1D5CBA6376EF}.Debug|Any CPU.Build.0 = Debug|Any CPU
		{97CA557E-D335-4606-ACE6-1D5CBA6376EF}.Release|Any CPU.ActiveCfg = Release|Any CPU
		{97CA557E-D335-4606-ACE6-1D5CBA6376EF}.Release|Any CPU.Build.0 = Release|Any CPU
		{5DE63B0F-FA00-4313-94D1-2A6CDF4449BC}.Debug|Any CPU.ActiveCfg = Debug|Any CPU
		{5DE63B0F-FA00-4313-94D1-2A6CDF4449BC}.Debug|Any CPU.Build.0 = Debug|Any CPU
		{5DE63B0F-FA00-4313-94D1-2A6CDF4449BC}.Release|Any CPU.ActiveCfg = Release|Any CPU
		{5DE63B0F-FA00-4313-94D1-2A6CDF4449BC}.Release|Any CPU.Build.0 = Release|Any CPU
		{B9A76D2E-CA04-48BD-8446-662A94D5A00A}.Debug|Any CPU.ActiveCfg = Debug|Any CPU
		{B9A76D2E-CA04-48BD-8446-662A94D5A00A}.Debug|Any CPU.Build.0 = Debug|Any CPU
		{B9A76D2E-CA04-48BD-8446-662A94D5A00A}.Release|Any CPU.ActiveCfg = Release|Any CPU
		{B9A76D2E-CA04-48BD-8446-662A94D5A00A}.Release|Any CPU.Build.0 = Release|Any CPU
	EndGlobalSection
	GlobalSection(SolutionProperties) = preSolution
		HideSolutionNode = FALSE
	EndGlobalSection
	GlobalSection(ExtensibilityGlobals) = postSolution
		SolutionGuid = {9952D6A9-AA72-40AE-83C9-3E31BAE13AB9}
	EndGlobalSection
EndGlobal
